dependencies:
- name: gateway-helm
  repository: oci://docker.io/envoyproxy
  version: 1.9.2
- name: ai-gateway-crds-helm
  repository: oci://docker.io/envoyproxy
  version: 1.2.0
- name: ai-gateway-helm
  repository: oci://docker.io/envoyproxy
  version: 1.2.0
digest: sha256:0c70d1c38cf09406dd609b6e029cbb40a59f7a188e1bc364978f1e7a3dd0408a
generated: "2026-10-07T17:33:03.940867321Z"
