dependencies:
- name: gateway-helm
  repository: oci://docker.io/envoyproxy
  version: 1.9.1
- name: ai-gateway-crds-helm
  repository: oci://docker.io/envoyproxy
  version: 1.1.0
- name: ai-gateway-helm
  repository: oci://docker.io/envoyproxy
  version: 1.1.0
digest: sha256:ea0bb852aafb7dbaea19fbd9129514138478de2fa818e122193c22ad390fc4fc
generated: "2026-09-05T14:41:44.0890295Z"
