dependencies:
- name: keycloakx
  repository: https://codecentric.github.io/helm-charts
  version: 7.2.3
- name: valkey
  repository: https://valkey.io/valkey-helm/
  version: 0.11.0
- name: harbor
  repository: https://helm.goharbor.io
  version: 1.19.2
digest: sha256:c601d91bb27e78dfda86ae1d6364e1846446653eb884fa9b8f57740e0ac7433b
generated: "2026-09-01T17:43:00.088092+08:00"
