dependencies:
- name: keycloakx
  repository: https://codecentric.github.io/helm-charts
  version: 7.2.3
- name: valkey
  repository: https://valkey.io/valkey-helm/
  version: 0.11.0
- name: harbor
  repository: https://helm.goharbor.io
  version: 1.19.2
digest: sha256:589b6f4e10d7378775a7f609e409457eb798fc1b36de9eb3113ddedcfed3209b
generated: "2026-08-23T12:30:17.193361+08:00"
