dependencies:
- name: keycloakx
  repository: https://codecentric.github.io/helm-charts
  version: 7.3.2
- name: valkey
  repository: https://valkey.io/valkey-helm/
  version: 0.12.0
- name: harbor
  repository: https://helm.goharbor.io
  version: 1.19.2
digest: sha256:964a4c8bb9029fc85288995348d59d92287239ab37b86e20f7d8c2b9fa358225
generated: "2026-09-19T18:45:35.599014652Z"
